
Microsoft Visual Studio Solution File, Format Version 12.00
# Visual Studio Version 17
VisualStudioVersion = 17.14.37111.16 d17.14
MinimumVisualStudioVersion = 10.0.40219.1
Project("{8BC9CEB8-8B4A-11D0-8D11-00A0C91BC942}") = "Project4", "Project4\Project4.vcxproj", "{9502D022-4161-45E1-AB23-4F5720FA6C2A}"
EndProject
Global
	GlobalSection(SolutionConfigurationPlatforms) = preSolution
		Debug|x64 = Debug|x64
		Debug|x86 = Debug|x86
		Release|x64 = Release|x64
		Release|x86 = Release|x86
	EndGlobalSection
	GlobalSection(ProjectConfigurationPlatforms) = postSolution
		{9502D022-4161-45E1-AB23-4F5720FA6C2A}.Debug|x64.ActiveCfg = Debug|x64
		{9502D022-4161-45E1-AB23-4F5720FA6C2A}.Debug|x64.Build.0 = Debug|x64
		{9502D022-4161-45E1-AB23-4F5720FA6C2A}.Debug|x86.ActiveCfg = Debug|Win32
		{9502D022-4161-45E1-AB23-4F5720FA6C2A}.Debug|x86.Build.0 = Debug|Win32
		{9502D022-4161-45E1-AB23-4F5720FA6C2A}.Release|x64.ActiveCfg = Release|x64
		{9502D022-4161-45E1-AB23-4F5720FA6C2A}.Release|x64.Build.0 = Release|x64
		{9502D022-4161-45E1-AB23-4F5720FA6C2A}.Release|x86.ActiveCfg = Release|Win32
		{9502D022-4161-45E1-AB23-4F5720FA6C2A}.Release|x86.Build.0 = Release|Win32
	EndGlobalSection
	GlobalSection(SolutionProperties) = preSolution
		HideSolutionNode = FALSE
	EndGlobalSection
	GlobalSection(ExtensibilityGlobals) = postSolution
		SolutionGuid = {8AF3EDD7-9A9B-4981-8E4E-D6DFA53720C4}
	EndGlobalSection
EndGlobal
