
Microsoft Visual Studio Solution File, Format Version 12.00
# Visual Studio Version 17
VisualStudioVersion = 17.14.36915.13 d17.14
MinimumVisualStudioVersion = 10.0.40219.1
Project("{8BC9CEB8-8B4A-11D0-8D11-00A0C91BC942}") = "test4.8", "test4.8\test4.8.vcxproj", "{39E98F25-9369-45A0-A95B-A098EC306EE1}"
EndProject
Global
	GlobalSection(SolutionConfigurationPlatforms) = preSolution
		Debug|x64 = Debug|x64
		Debug|x86 = Debug|x86
		Release|x64 = Release|x64
		Release|x86 = Release|x86
	EndGlobalSection
	GlobalSection(ProjectConfigurationPlatforms) = postSolution
		{39E98F25-9369-45A0-A95B-A098EC306EE1}.Debug|x64.ActiveCfg = Debug|x64
		{39E98F25-9369-45A0-A95B-A098EC306EE1}.Debug|x64.Build.0 = Debug|x64
		{39E98F25-9369-45A0-A95B-A098EC306EE1}.Debug|x86.ActiveCfg = Debug|Win32
		{39E98F25-9369-45A0-A95B-A098EC306EE1}.Debug|x86.Build.0 = Debug|Win32
		{39E98F25-9369-45A0-A95B-A098EC306EE1}.Release|x64.ActiveCfg = Release|x64
		{39E98F25-9369-45A0-A95B-A098EC306EE1}.Release|x64.Build.0 = Release|x64
		{39E98F25-9369-45A0-A95B-A098EC306EE1}.Release|x86.ActiveCfg = Release|Win32
		{39E98F25-9369-45A0-A95B-A098EC306EE1}.Release|x86.Build.0 = Release|Win32
	EndGlobalSection
	GlobalSection(SolutionProperties) = preSolution
		HideSolutionNode = FALSE
	EndGlobalSection
	GlobalSection(ExtensibilityGlobals) = postSolution
		SolutionGuid = {BE22C08D-F429-4A15-A9E0-C331103CFC57}
	EndGlobalSection
EndGlobal
